
Microsoft Visual Studio Solution File, Format Version 12.00
# Visual Studio Version 16
VisualStudioVersion = 16.0.32126.315
MinimumVisualStudioVersion = 10.0.40219.1
Project("{FAE04EC0-301F-11D3-BF4B-00C04F79EFBC}") = "EcoCivilization", "EcoCivilization\EcoCivilization.csproj", "{FBDF1DA1-B489-4201-8B7E-7F8A02432724}"
	ProjectSection(ProjectDependencies) = postProject
		{8C0B9B62-EFF7-4D4C-90EA-F1B45E2D3D54} = {8C0B9B62-EFF7-4D4C-90EA-F1B45E2D3D54}
	EndProjectSection
EndProject
Project("{FAE04EC0-301F-11D3-BF4B-00C04F79EFBC}") = "Cora", "Cora\Cora.csproj", "{8C0B9B62-EFF7-4D4C-90EA-F1B45E2D3D54}"
EndProject
Global
	GlobalSection(SolutionConfigurationPlatforms) = preSolution
		Debug|Any CPU = Debug|Any CPU
		Release|Any CPU = Release|Any CPU
	EndGlobalSection
	GlobalSection(ProjectConfigurationPlatforms) = postSolution
		{FBDF1DA1-B489-4201-8B7E-7F8A02432724}.Debug|Any CPU.ActiveCfg = Debug|Any CPU
		{FBDF1DA1-B489-4201-8B7E-7F8A02432724}.Debug|Any CPU.Build.0 = Debug|Any CPU
		{FBDF1DA1-B489-4201-8B7E-7F8A02432724}.Release|Any CPU.ActiveCfg = Release|Any CPU
		{FBDF1DA1-B489-4201-8B7E-7F8A02432724}.Release|Any CPU.Build.0 = Release|Any CPU
		{8C0B9B62-EFF7-4D4C-90EA-F1B45E2D3D54}.Debug|Any CPU.ActiveCfg = Debug|Any CPU
		{8C0B9B62-EFF7-4D4C-90EA-F1B45E2D3D54}.Debug|Any CPU.Build.0 = Debug|Any CPU
		{8C0B9B62-EFF7-4D4C-90EA-F1B45E2D3D54}.Release|Any CPU.ActiveCfg = Release|Any CPU
		{8C0B9B62-EFF7-4D4C-90EA-F1B45E2D3D54}.Release|Any CPU.Build.0 = Release|Any CPU
	EndGlobalSection
	GlobalSection(SolutionProperties) = preSolution
		HideSolutionNode = FALSE
	EndGlobalSection
	GlobalSection(ExtensibilityGlobals) = postSolution
		SolutionGuid = {B5818CE1-ACFA-44B8-A485-C3CCA77B55C0}
	EndGlobalSection
EndGlobal
